// !$*UTF8*$!
{
	archiveVersion = 1;
	classes = {
	};
	objectVersion = 77;
	objects = {

/* Begin PBXBuildFile section */
		F408432B2E6AF23100C106F8 /* AddWordView.swift in Sources */ = {isa = PBXBuildFile; fileRef = F408432A2E6AF22B00C106F8 /* AddWordView.swift */; };
		F40843332E6D35B100C106F8 /* SpeechView.swift in Sources */ = {isa = PBXBuildFile; fileRef = F40843322E6D35AD00C106F8 /* SpeechView.swift */; };
/* End PBXBuildFile section */

/* Begin PBXContainerItemProxy section */
		F4CE06432E6639B80041F587 /* PBXContainerItemProxy */ = {
			isa = PBXContainerItemProxy;
			containerPortal = F4CE062D2E6639B50041F587 /* Project object */;
			proxyType = 1;
			remoteGlobalIDString = F4CE06342E6639B50041F587;
			remoteInfo = WordPathSpeak;
		};
		F4CE064D2E6639B80041F587 /* PBXContainerItemProxy */ = {
			isa = PBXContainerItemProxy;
			containerPortal = F4CE062D2E6639B50041F587 /* Project object */;
			proxyType = 1;
			remoteGlobalIDString = F4CE06342E6639B50041F587;
			remoteInfo = WordPathSpeak;
		};
/* End PBXContainerItemProxy section */

/* Begin PBXFileReference section */
		F408432A2E6AF22B00C106F8 /* AddWordView.swift */ = {isa = PBXFileReference; lastKnownFileType = sourcecode.swift; path = AddWordView.swift; sourceTree = "<group>"; };
		F40843322E6D35AD00C106F8 /* SpeechView.swift */ = {isa = PBXFileReference; lastKnownFileType = sourcecode.swift; path = SpeechView.swift; sourceTree = "<group>"; };
		F4CE06352E6639B50041F587 /* WordPathSpeak.app */ = {isa = PBXFileReference; explicitFileType = wrapper.application; includeInIndex = 0; path = WordPathSpeak.app; sourceTree = BUILT_PRODUCTS_DIR; };
		F4CE06422E6639B80041F587 /* WordPathSpeakTests.xctest */ = {isa = PBXFileReference; explicitFileType = wrapper.cfbundle; includeInIndex = 0; path = WordPathSpeakTests.xctest; sourceTree = BUILT_PRODUCTS_DIR; };
		F4CE064C2E6639B80041F587 /* WordPathSpeakUITests.xctest */ = {isa = PBXFileReference; explicitFileType = wrapper.cfbundle; includeInIndex = 0; path = WordPathSpeakUITests.xctest; sourceTree = BUILT_PRODUCTS_DIR; };
/* End PBXFileReference section */

/* Begin PBXFileSystemSynchronizedBuildFileExceptionSet section */
		F4CE068D2E684F0C0041F587 /* Exceptions for "WordPathSpeak" folder in "WordPathSpeak" target */ = {
			isa = PBXFileSystemSynchronizedBuildFileExceptionSet;
			membershipExceptions = (
				Views/WordBank.json,
			);
			target = F4CE06342E6639B50041F587 /* WordPathSpeak */;
		};
/* End PBXFileSystemSynchronizedBuildFileExceptionSet section */

/* Begin PBXFileSystemSynchronizedRootGroup section */
		F4CE06372E6639B50041F587 /* WordPathSpeak */ = {
			isa = PBXFileSystemSynchronizedRootGroup;
			exceptions = (
				F4CE068D2E684F0C0041F587 /* Exceptions for "WordPathSpeak" folder in "WordPathSpeak" target */,
			);
			path = WordPathSpeak;
			sourceTree = "<group>";
		};
		F4CE06452E6639B80041F587 /* WordPathSpeakTests */ = {
			isa = PBXFileSystemSynchronizedRootGroup;
			path = WordPathSpeakTests;
			sourceTree = "<group>";
		};
		F4CE064F2E6639B80041F587 /* WordPathSpeakUITests */ = {
			isa = PBXFileSystemSynchronizedRootGroup;
			path = WordPathSpeakUITests;
			sourceTree = "<group>";
		};
/* End PBXFileSystemSynchronizedRootGroup section */

/* Begin PBXFrameworksBuildPhase section */
		F4CE06322E6639B50041F587 /* Frameworks */ = {
			isa = PBXFrameworksBuildPhase;
			buildActionMask = 2147483647;
			files = (
			);
			runOnlyForDeploymentPostprocessing = 0;
		};
		F4CE063F2E6639B80041F587 /* Frameworks */ = {
			isa = PBXFrameworksBuildPhase;
			buildActionMask = 2147483647;
			files = (
			);
			runOnlyForDeploymentPostprocessing = 0;
		};
		F4CE06492E6639B80041F587 /* Frameworks */ = {
			isa = PBXFrameworksBuildPhase;
			buildActionMask = 2147483647;
			files = (
			);
			runOnlyForDeploymentPostprocessing = 0;
		};
/* End PBXFrameworksBuildPhase section */

/* Begin PBXGroup section */
		F4CE062C2E6639B50041F587 = {
			isa = PBXGroup;
			children = (
				F40843322E6D35AD00C106F8 /* SpeechView.swift */,
				F408432A2E6AF22B00C106F8 /* AddWordView.swift */,
				F4CE06372E6639B50041F587 /* WordPathSpeak */,
				F4CE06452E6639B80041F587 /* WordPathSpeakTests */,
				F4CE064F2E6639B80041F587 /* WordPathSpeakUITests */,
				F4CE06362E6639B50041F587 /* Products */,
			);
			sourceTree = "<group>";
		};
		F4CE06362E6639B50041F587 /* Products */ = {
			isa = PBXGroup;
			children = (
				F4CE06352E6639B50041F587 /* WordPathSpeak.app */,
				F4CE06422E6639B80041F587 /* WordPathSpeakTests.xctest */,
				F4CE064C2E6639B80041F587 /* WordPathSpeakUITests.xctest */,
			);
			name = Products;
			sourceTree = "<group>";
		};
/* End PBXGroup section */

/* Begin PBXNativeTarget section */
		F4CE06342E6639B50041F587 /* WordPathSpeak */ = {
			isa = PBXNativeTarget;
			buildConfigurationList = F4CE06562E6639B80041F587 /* Build configuration list for PBXNativeTarget "WordPathSpeak" */;
			buildPhases = (
				F4CE06312E6639B50041F587 /* Sources */,
				F4CE06322E6639B50041F587 /* Frameworks */,
				F4CE06332E6639B50041F587 /* Resources */,
			);
			buildRules = (
			);
			dependencies = (
			);
			fileSystemSynchronizedGroups = (
				F4CE06372E6639B50041F587 /* WordPathSpeak */,
			);
			name = WordPathSpeak;
			packageProductDependencies = (
			);
			productName = WordPathSpeak;
			productReference = F4CE06352E6639B50041F587 /* WordPathSpeak.app */;
			productType = "com.apple.product-type.application";
		};
		F4CE06412E6639B80041F587 /* WordPathSpeakTests */ = {
			isa = PBXNativeTarget;
			buildConfigurationList = F4CE06592E6639B80041F587 /* Build configuration list for PBXNativeTarget "WordPathSpeakTests" */;
			buildPhases = (
				F4CE063E2E6639B80041F587 /* Sources */,
				F4CE063F2E6639B80041F587 /* Frameworks */,
				F4CE06402E6639B80041F587 /* Resources */,
			);
			buildRules = (
			);
			dependencies = (
				F4CE06442E6639B80041F587 /* PBXTargetDependency */,
			);
			fileSystemSynchronizedGroups = (
				F4CE06452E6639B80041F587 /* WordPathSpeakTests */,
			);
			name = WordPathSpeakTests;
			packageProductDependencies = (
			);
			productName = WordPathSpeakTests;
			productReference = F4CE06422E6639B80041F587 /* WordPathSpeakTests.xctest */;
			productType = "com.apple.product-type.bundle.unit-test";
		};
		F4CE064B2E6639B80041F587 /* WordPathSpeakUITests */ = {
			isa = PBXNativeTarget;
			buildConfigurationList = F4CE065C2E6639B80041F587 /* Build configuration list for PBXNativeTarget "WordPathSpeakUITests" */;
			buildPhases = (
				F4CE06482E6639B80041F587 /* Sources */,
				F4CE06492E6639B80041F587 /* Frameworks */,
				F4CE064A2E6639B80041F587 /* Resources */,
			);
			buildRules = (
			);
			dependencies = (
				F4CE064E2E6639B80041F587 /* PBXTargetDependency */,
			);
			fileSystemSynchronizedGroups = (
				F4CE064F2E6639B80041F587 /* WordPathSpeakUITests */,
			);
			name = WordPathSpeakUITests;
			packageProductDependencies = (
			);
			productName = WordPathSpeakUITests;
			productReference = F4CE064C2E6639B80041F587 /* WordPathSpeakUITests.xctest */;
			productType = "com.apple.product-type.bundle.ui-testing";
		};
/* End PBXNativeTarget section */

/* Begin PBXProject section */
		F4CE062D2E6639B50041F587 /* Project object */ = {
			isa = PBXProject;
			attributes = {
				BuildIndependentTargetsInParallel = 1;
				LastSwiftUpdateCheck = 1640;
				LastUpgradeCheck = 1640;
				TargetAttributes = {
					F4CE06342E6639B50041F587 = {
						CreatedOnToolsVersion = 16.4;
					};
					F4CE06412E6639B80041F587 = {
						CreatedOnToolsVersion = 16.4;
						TestTargetID = F4CE06342E6639B50041F587;
					};
					F4CE064B2E6639B80041F587 = {
						CreatedOnToolsVersion = 16.4;
						TestTargetID = F4CE06342E6639B50041F587;
					};
				};
			};
			buildConfigurationList = F4CE06302E6639B50041F587 /* Build configuration list for PBXProject "WordPathSpeak" */;
			developmentRegion = en;
			hasScannedForEncodings = 0;
			knownRegions = (
				en,
				Base,
			);
			mainGroup = F4CE062C2E6639B50041F587;
			minimizedProjectReferenceProxies = 1;
			preferredProjectObjectVersion = 77;
			productRefGroup = F4CE06362E6639B50041F587 /* Products */;
			projectDirPath = "";
			projectRoot = "";
			targets = (
				F4CE06342E6639B50041F587 /* WordPathSpeak */,
				F4CE06412E6639B80041F587 /* WordPathSpeakTests */,
				F4CE064B2E6639B80041F587 /* WordPathSpeakUITests */,
			);
		};
/* End PBXProject section */

/* Begin PBXResourcesBuildPhase section */
		F4CE06332E6639B50041F587 /* Resources */ = {
			isa = PBXResourcesBuildPhase;
			buildActionMask = 2147483647;
			files = (
			);
			runOnlyForDeploymentPostprocessing = 0;
		};
		F4CE06402E6639B80041F587 /* Resources */ = {
			isa = PBXResourcesBuildPhase;
			buildActionMask = 2147483647;
			files = (
			);
			runOnlyForDeploymentPostprocessing = 0;
		};
		F4CE064A2E6639B80041F587 /* Resources */ = {
			isa = PBXResourcesBuildPhase;
			buildActionMask = 2147483647;
			files = (
			);
			runOnlyForDeploymentPostprocessing = 0;
		};
/* End PBXResourcesBuildPhase section */

/* Begin PBXSourcesBuildPhase section */
		F4CE06312E6639B50041F587 /* Sources */ = {
			isa = PBXSourcesBuildPhase;
			buildActionMask = 2147483647;
			files = (
				F40843332E6D35B100C106F8 /* SpeechView.swift in Sources */,
				F408432B2E6AF23100C106F8 /* AddWordView.swift in Sources */,
			);
			runOnlyForDeploymentPostprocessing = 0;
		};
		F4CE063E2E6639B80041F587 /* Sources */ = {
			isa = PBXSourcesBuildPhase;
			buildActionMask = 2147483647;
			files = (
			);
			runOnlyForDeploymentPostprocessing = 0;
		};
		F4CE06482E6639B80041F587 /* Sources */ = {
			isa = PBXSourcesBuildPhase;
			buildActionMask = 2147483647;
			files = (
			);
			runOnlyForDeploymentPostprocessing = 0;
		};
/* End PBXSourcesBuildPhase section */

/* Begin PBXTargetDependency section */
		F4CE06442E6639B80041F587 /* PBXTargetDependency */ = {
			isa = PBXTargetDependency;
			target = F4CE06342E6639B50041F587 /* WordPathSpeak */;
			targetProxy = F4CE06432E6639B80041F587 /* PBXContainerItemProxy */;
		};
		F4CE064E2E6639B80041F587 /* PBXTargetDependency */ = {
			isa = PBXTargetDependency;
			target = F4CE06342E6639B50041F587 /* WordPathSpeak */;
			targetProxy = F4CE064D2E6639B80041F587 /* PBXContainerItemProxy */;
		};
/* End PBXTargetDependency section */

/* Begin XCBuildConfiguration section */
		F4CE06542E6639B80041F587 /* Debug */ = {
			isa = XCBuildConfiguration;
			buildSettings = {
				ALWAYS_SEARCH_USER_PATHS = NO;
				ASSETCATALOG_COMPILER_GENERATE_SWIFT_ASSET_SYMBOL_EXTENSIONS = YES;
				CLANG_ANALYZER_NONNULL = YES;
				CLANG_ANALYZER_NUMBER_OBJECT_CONVERSION = YES_AGGRESSIVE;
				CLANG_CXX_LANGUAGE_STANDARD = "gnu++20";
				CLANG_ENABLE_MODULES = YES;
				CLANG_ENABLE_OBJC_ARC = YES;
				CLANG_ENABLE_OBJC_WEAK = YES;
				CLANG_WARN_BLOCK_CAPTURE_AUTORELEASING = YES;
				CLANG_WARN_BOOL_CONVERSION = YES;
				CLANG_WARN_COMMA = YES;
				CLANG_WARN_CONSTANT_CONVERSION = YES;
				CLANG_WARN_DEPRECATED_OBJC_IMPLEMENTATIONS = YES;
				CLANG_WARN_DIRECT_OBJC_ISA_USAGE = YES_ERROR;
				CLANG_WARN_DOCUMENTATION_COMMENTS = YES;
				CLANG_WARN_EMPTY_BODY = YES;
				CLANG_WARN_ENUM_CONVERSION = YES;
				CLANG_WARN_INFINITE_RECURSION = YES;
				CLANG_WARN_INT_CONVERSION = YES;
				CLANG_WARN_NON_LITERAL_NULL_CONVERSION = YES;
				CLANG_WARN_OBJC_IMPLICIT_RETAIN_SELF = YES;
				CLANG_WARN_OBJC_LITERAL_CONVERSION = YES;
				CLANG_WARN_OBJC_ROOT_CLASS = YES_ERROR;
				CLANG_WARN_QUOTED_INCLUDE_IN_FRAMEWORK_HEADER = YES;
				CLANG_WARN_RANGE_LOOP_ANALYSIS = YES;
				CLANG_WARN_STRICT_PROTOTYPES = YES;
				CLANG_WARN_SUSPICIOUS_MOVE = YES;
				CLANG_WARN_UNGUARDED_AVAILABILITY = YES_AGGRESSIVE;
				CLANG_WARN_UNREACHABLE_CODE = YES;
				CLANG_WARN__DUPLICATE_METHOD_MATCH = YES;
				COPY_PHASE_STRIP = NO;
				DEBUG_INFORMATION_FORMAT = dwarf;
				DEVELOPMENT_TEAM = YB6DY3X87P;
				ENABLE_STRICT_OBJC_MSGSEND = YES;
				ENABLE_TESTABILITY = YES;
				ENABLE_USER_SCRIPT_SANDBOXING = YES;
				GCC_C_LANGUAGE_STANDARD = gnu17;
				GCC_DYNAMIC_NO_PIC = NO;
				GCC_NO_COMMON_BLOCKS = YES;
				GCC_OPTIMIZATION_LEVEL = 0;
				GCC_PREPROCESSOR_DEFINITIONS = (
					"DEBUG=1",
					"$(inherited)",
				);
				GCC_WARN_64_TO_32_BIT_CONVERSION = YES;
				GCC_WARN_ABOUT_RETURN_TYPE = YES_ERROR;
				GCC_WARN_UNDECLARED_SELECTOR = YES;
				GCC_WARN_UNINITIALIZED_AUTOS = YES_AGGRESSIVE;
				GCC_WARN_UNUSED_FUNCTION = YES;
				GCC_WARN_UNUSED_VARIABLE = YES;
				IPHONEOS_DEPLOYMENT_TARGET = 18.5;
				LOCALIZATION_PREFERS_STRING_CATALOGS = YES;
				MTL_ENABLE_DEBUG_INFO = INCLUDE_SOURCE;
				MTL_FAST_MATH = YES;
				ONLY_ACTIVE_ARCH = YES;
				SDKROOT = iphoneos;
				SWIFT_ACTIVE_COMPILATION_CONDITIONS = "DEBUG $(inherited)";
				SWIFT_OPTIMIZATION_LEVEL = "-Onone";
			};
			name = Debug;
		};
		F4CE06552E6639B80041F587 /* Release */ = {
			isa = XCBuildConfiguration;
			buildSettings = {
				ALWAYS_SEARCH_USER_PATHS = NO;
				ASSETCATALOG_COMPILER_GENERATE_SWIFT_ASSET_SYMBOL_EXTENSIONS = YES;
				CLANG_ANALYZER_NONNULL = YES;
				CLANG_ANALYZER_NUMBER_OBJECT_CONVERSION = YES_AGGRESSIVE;
				CLANG_CXX_LANGUAGE_STANDARD = "gnu++20";
				CLANG_ENABLE_MODULES = YES;
				CLANG_ENABLE_OBJC_ARC = YES;
				CLANG_ENABLE_OBJC_WEAK = YES;
				CLANG_WARN_BLOCK_CAPTURE_AUTORELEASING = YES;
				CLANG_WARN_BOOL_CONVERSION = YES;
				CLANG_WARN_COMMA = YES;
				CLANG_WARN_CONSTANT_CONVERSION = YES;
				CLANG_WARN_DEPRECATED_OBJC_IMPLEMENTATIONS = YES;
				CLANG_WARN_DIRECT_OBJC_ISA_USAGE = YES_ERROR;
				CLANG_WARN_DOCUMENTATION_COMMENTS = YES;
				CLANG_WARN_EMPTY_BODY = YES;
				CLANG_WARN_ENUM_CONVERSION = YES;
				CLANG_WARN_INFINITE_RECURSION = YES;
				CLANG_WARN_INT_CONVERSION = YES;
				CLANG_WARN_NON_LITERAL_NULL_CONVERSION = YES;
				CLANG_WARN_OBJC_IMPLICIT_RETAIN_SELF = YES;
				CLANG_WARN_OBJC_LITERAL_CONVERSION = YES;
				CLANG_WARN_OBJC_ROOT_CLASS = YES_ERROR;
				CLANG_WARN_QUOTED_INCLUDE_IN_FRAMEWORK_HEADER = YES;
				CLANG_WARN_RANGE_LOOP_ANALYSIS = YES;
				CLANG_WARN_STRICT_PROTOTYPES = YES;
				CLANG_WARN_SUSPICIOUS_MOVE = YES;
				CLANG_WARN_UNGUARDED_AVAILABILITY = YES_AGGRESSIVE;
				CLANG_WARN_UNREACHABLE_CODE = YES;
				CLANG_WARN__DUPLICATE_METHOD_MATCH = YES;
				COPY_PHASE_STRIP = NO;
				DEBUG_INFORMATION_FORMAT = "dwarf-with-dsym";
				DEVELOPMENT_TEAM = YB6DY3X87P;
				ENABLE_NS_ASSERTIONS = NO;
				ENABLE_STRICT_OBJC_MSGSEND = YES;
				ENABLE_USER_SCRIPT_SANDBOXING = YES;
				GCC_C_LANGUAGE_STANDARD = gnu17;
				GCC_NO_COMMON_BLOCKS = YES;
				GCC_WARN_64_TO_32_BIT_CONVERSION = YES;
				GCC_WARN_ABOUT_RETURN_TYPE = YES_ERROR;
				GCC_WARN_UNDECLARED_SELECTOR = YES;
				GCC_WARN_UNINITIALIZED_AUTOS = YES_AGGRESSIVE;
				GCC_WARN_UNUSED_FUNCTION = YES;
				GCC_WARN_UNUSED_VARIABLE = YES;
				IPHONEOS_DEPLOYMENT_TARGET = 18.5;
				LOCALIZATION_PREFERS_STRING_CATALOGS = YES;
				MTL_ENABLE_DEBUG_INFO = NO;
				MTL_FAST_MATH = YES;
				SDKROOT = iphoneos;
				SWIFT_COMPILATION_MODE = wholemodule;
				VALIDATE_PRODUCT = YES;
			};
			name = Release;
		};
		F4CE06572E6639B80041F587 /* Debug */ = {
			isa = XCBuildConfiguration;
			buildSettings = {
				ASSETCATALOG_COMPILER_APPICON_NAME = AppIcon;
				ASSETCATALOG_COMPILER_GLOBAL_ACCENT_COLOR_NAME = AccentColor;
				CODE_SIGN_STYLE = Automatic;
				CURRENT_PROJECT_VERSION = 1;
				DEVELOPMENT_TEAM = YB6DY3X87P;
				ENABLE_PREVIEWS = YES;
				GENERATE_INFOPLIST_FILE = YES;
				INFOPLIST_KEY_CFBundleDisplayName = WordPathSpeak;
				INFOPLIST_KEY_LSApplicationCategoryType = "public.app-category.education";
				INFOPLIST_KEY_UIApplicationSceneManifest_Generation = YES;
				INFOPLIST_KEY_UIApplicationSupportsIndirectInputEvents = YES;
				INFOPLIST_KEY_UILaunchScreen_Generation = YES;
				INFOPLIST_KEY_UISupportedInterfaceOrientations_iPad = "UIInterfaceOrientationPortrait UIInterfaceOrientationPortraitUpsideDown UIInterfaceOrientationLandscapeLeft UIInterfaceOrientationLandscapeRight";
				INFOPLIST_KEY_UISupportedInterfaceOrientations_iPhone = "UIInterfaceOrientationPortrait UIInterfaceOrientationLandscapeLeft UIInterfaceOrientationLandscapeRight";
				LD_RUNPATH_SEARCH_PATHS = (
					"$(inherited)",
					"@executable_path/Frameworks",
				);
				MARKETING_VERSION = 1.0;
				PRODUCT_BUNDLE_IDENTIFIER = "Remote-IPT-LLC.WordPathSpeak";
				PRODUCT_NAME = "$(TARGET_NAME)";
				SWIFT_EMIT_LOC_STRINGS = YES;
				SWIFT_VERSION = 5.0;
				TARGETED_DEVICE_FAMILY = "1,2";
			};
			name = Debug;
		};
		F4CE06582E6639B80041F587 /* Release */ = {
			isa = XCBuildConfiguration;
			buildSettings = {
				ASSETCATALOG_COMPILER_APPICON_NAME = AppIcon;
				ASSETCATALOG_COMPILER_GLOBAL_ACCENT_COLOR_NAME = AccentColor;
				CODE_SIGN_STYLE = Automatic;
				CURRENT_PROJECT_VERSION = 1;
				DEVELOPMENT_TEAM = YB6DY3X87P;
				ENABLE_PREVIEWS = YES;
				GENERATE_INFOPLIST_FILE = YES;
				INFOPLIST_KEY_CFBundleDisplayName = WordPathSpeak;
				INFOPLIST_KEY_LSApplicationCategoryType = "public.app-category.education";
				INFOPLIST_KEY_UIApplicationSceneManifest_Generation = YES;
				INFOPLIST_KEY_UIApplicationSupportsIndirectInputEvents = YES;
				INFOPLIST_KEY_UILaunchScreen_Generation = YES;
				INFOPLIST_KEY_UISupportedInterfaceOrientations_iPad = "UIInterfaceOrientationPortrait UIInterfaceOrientationPortraitUpsideDown UIInterfaceOrientationLandscapeLeft UIInterfaceOrientationLandscapeRight";
				INFOPLIST_KEY_UISupportedInterfaceOrientations_iPhone = "UIInterfaceOrientationPortrait UIInterfaceOrientationLandscapeLeft UIInterfaceOrientationLandscapeRight";
				LD_RUNPATH_SEARCH_PATHS = (
					"$(inherited)",
					"@executable_path/Frameworks",
				);
				MARKETING_VERSION = 1.0;
				PRODUCT_BUNDLE_IDENTIFIER = "Remote-IPT-LLC.WordPathSpeak";
				PRODUCT_NAME = "$(TARGET_NAME)";
				SWIFT_EMIT_LOC_STRINGS = YES;
				SWIFT_VERSION = 5.0;
				TARGETED_DEVICE_FAMILY = "1,2";
			};
			name = Release;
		};
		F4CE065A2E6639B80041F587 /* Debug */ = {
			isa = XCBuildConfiguration;
			buildSettings = {
				BUNDLE_LOADER = "$(TEST_HOST)";
				CODE_SIGN_STYLE = Automatic;
				CURRENT_PROJECT_VERSION = 1;
				DEVELOPMENT_TEAM = YB6DY3X87P;
				GENERATE_INFOPLIST_FILE = YES;
				IPHONEOS_DEPLOYMENT_TARGET = 18.5;
				MARKETING_VERSION = 1.0;
				PRODUCT_BUNDLE_IDENTIFIER = "Remote-IPT-LLC.WordPathSpeakTests";
				PRODUCT_NAME = "$(TARGET_NAME)";
				SWIFT_EMIT_LOC_STRINGS = NO;
				SWIFT_VERSION = 5.0;
				TARGETED_DEVICE_FAMILY = "1,2";
				TEST_HOST = "$(BUILT_PRODUCTS_DIR)/WordPathSpeak.app/$(BUNDLE_EXECUTABLE_FOLDER_PATH)/WordPathSpeak";
			};
			name = Debug;
		};
		F4CE065B2E6639B80041F587 /* Release */ = {
			isa = XCBuildConfiguration;
			buildSettings = {
				BUNDLE_LOADER = "$(TEST_HOST)";
				CODE_SIGN_STYLE = Automatic;
				CURRENT_PROJECT_VERSION = 1;
				DEVELOPMENT_TEAM = YB6DY3X87P;
				GENERATE_INFOPLIST_FILE = YES;
				IPHONEOS_DEPLOYMENT_TARGET = 18.5;
				MARKETING_VERSION = 1.0;
				PRODUCT_BUNDLE_IDENTIFIER = "Remote-IPT-LLC.WordPathSpeakTests";
				PRODUCT_NAME = "$(TARGET_NAME)";
				SWIFT_EMIT_LOC_STRINGS = NO;
				SWIFT_VERSION = 5.0;
				TARGETED_DEVICE_FAMILY = "1,2";
				TEST_HOST = "$(BUILT_PRODUCTS_DIR)/WordPathSpeak.app/$(BUNDLE_EXECUTABLE_FOLDER_PATH)/WordPathSpeak";
			};
			name = Release;
		};
		F4CE065D2E6639B80041F587 /* Debug */ = {
			isa = XCBuildConfiguration;
			buildSettings = {
				CODE_SIGN_STYLE = Automatic;
				CURRENT_PROJECT_VERSION = 1;
				DEVELOPMENT_TEAM = YB6DY3X87P;
				GENERATE_INFOPLIST_FILE = YES;
				MARKETING_VERSION = 1.0;
				PRODUCT_BUNDLE_IDENTIFIER = "Remote-IPT-LLC.WordPathSpeakUITests";
				PRODUCT_NAME = "$(TARGET_NAME)";
				SWIFT_EMIT_LOC_STRINGS = NO;
				SWIFT_VERSION = 5.0;
				TARGETED_DEVICE_FAMILY = "1,2";
				TEST_TARGET_NAME = WordPathSpeak;
			};
			name = Debug;
		};
		F4CE065E2E6639B80041F587 /* Release */ = {
			isa = XCBuildConfiguration;
			buildSettings = {
				CODE_SIGN_STYLE = Automatic;
				CURRENT_PROJECT_VERSION = 1;
				DEVELOPMENT_TEAM = YB6DY3X87P;
				GENERATE_INFOPLIST_FILE = YES;
				MARKETING_VERSION = 1.0;
				PRODUCT_BUNDLE_IDENTIFIER = "Remote-IPT-LLC.WordPathSpeakUITests";
				PRODUCT_NAME = "$(TARGET_NAME)";
				SWIFT_EMIT_LOC_STRINGS = NO;
				SWIFT_VERSION = 5.0;
				TARGETED_DEVICE_FAMILY = "1,2";
				TEST_TARGET_NAME = WordPathSpeak;
			};
			name = Release;
		};
/* End XCBuildConfiguration section */

/* Begin XCConfigurationList section */
		F4CE06302E6639B50041F587 /* Build configuration list for PBXProject "WordPathSpeak" */ = {
			isa = XCConfigurationList;
			buildConfigurations = (
				F4CE06542E6639B80041F587 /* Debug */,
				F4CE06552E6639B80041F587 /* Release */,
			);
			defaultConfigurationIsVisible = 0;
			defaultConfigurationName = Release;
		};
		F4CE06562E6639B80041F587 /* Build configuration list for PBXNativeTarget "WordPathSpeak" */ = {
			isa = XCConfigurationList;
			buildConfigurations = (
				F4CE06572E6639B80041F587 /* Debug */,
				F4CE06582E6639B80041F587 /* Release */,
			);
			defaultConfigurationIsVisible = 0;
			defaultConfigurationName = Release;
		};
		F4CE06592E6639B80041F587 /* Build configuration list for PBXNativeTarget "WordPathSpeakTests" */ = {
			isa = XCConfigurationList;
			buildConfigurations = (
				F4CE065A2E6639B80041F587 /* Debug */,
				F4CE065B2E6639B80041F587 /* Release */,
			);
			defaultConfigurationIsVisible = 0;
			defaultConfigurationName = Release;
		};
		F4CE065C2E6639B80041F587 /* Build configuration list for PBXNativeTarget "WordPathSpeakUITests" */ = {
			isa = XCConfigurationList;
			buildConfigurations = (
				F4CE065D2E6639B80041F587 /* Debug */,
				F4CE065E2E6639B80041F587 /* Release */,
			);
			defaultConfigurationIsVisible = 0;
			defaultConfigurationName = Release;
		};
/* End XCConfigurationList section */
	};
	rootObject = F4CE062D2E6639B50041F587 /* Project object */;
}
